
Microsoft Visual Studio Solution File, Format Version 12.00
# Visual Studio Version 16
VisualStudioVersion = 16.0.30114.105
MinimumVisualStudioVersion = 10.0.40219.1
Project("{FAE04EC0-301F-11D3-BF4B-00C04F79EFBC}") = "WebApplication1", "WebApplication1\WebApplication1.csproj", "{50FE6D04-EA34-4877-9385-8190B49C35FC}"
EndProject
Global
	GlobalSection(SolutionConfigurationPlatforms) = preSolution
		Debug|Any CPU = Debug|Any CPU
		Release|Any CPU = Release|Any CPU
	EndGlobalSection
	GlobalSection(ProjectConfigurationPlatforms) = postSolution
		{50FE6D04-EA34-4877-9385-8190B49C35FC}.Debug|Any CPU.ActiveCfg = Debug|Any CPU
		{50FE6D04-EA34-4877-9385-8190B49C35FC}.Debug|Any CPU.Build.0 = Debug|Any CPU
		{50FE6D04-EA34-4877-9385-8190B49C35FC}.Release|Any CPU.ActiveCfg = Release|Any CPU
		{50FE6D04-EA34-4877-9385-8190B49C35FC}.Release|Any CPU.Build.0 = Release|Any CPU
	EndGlobalSection
	GlobalSection(SolutionProperties) = preSolution
		HideSolutionNode = FALSE
	EndGlobalSection
	GlobalSection(ExtensibilityGlobals) = postSolution
		SolutionGuid = {06E63B27-7315-4350-AF79-42DF1E33932B}
	EndGlobalSection
EndGlobal
